Microsoft Visual Studio Solution File, Format Version 8.00
Project("{FAE04EC0-301F-11D3-BF4B-00C04F79EFBC}") = "AppendMenu", "AppendMenu\AppendMenu.csproj", "{87325970-F260-4430-960D-86611FCC2651}"
	ProjectSection(ProjectDependencies) = postProject
	EndProjectSection
EndProject
Global
	GlobalSection(SolutionConfiguration) = preSolution
		Debug = Debug
		Release = Release
	EndGlobalSection
	GlobalSection(ProjectConfiguration) = postSolution
		{87325970-F260-4430-960D-86611FCC2651}.Debug.ActiveCfg = Debug|.NET
		{87325970-F260-4430-960D-86611FCC2651}.Debug.Build.0 = Debug|.NET
		{87325970-F260-4430-960D-86611FCC2651}.Release.ActiveCfg = Release|.NET
		{87325970-F260-4430-960D-86611FCC2651}.Release.Build.0 = Release|.NET
	EndGlobalSection
	GlobalSection(ExtensibilityGlobals) = postSolution
	EndGlobalSection
	GlobalSection(ExtensibilityAddIns) = postSolution
	EndGlobalSection
EndGlobal
